
Microsoft Visual Studio Solution File, Format Version 12.00
# Visual Studio 2012
Project("{FAE04EC0-301F-11D3-BF4B-00C04F79EFBC}") = "WiiTUIO", "WiiTUIO\WiiTUIO.csproj", "{87CC8302-A614-490E-9100-1059AF5FE8FC}"
EndProject
Project("{FAE04EC0-301F-11D3-BF4B-00C04F79EFBC}") = "OSC.NET", "OSC.NET\OSC.NET.csproj", "{14BD1D44-261D-4FC2-A7DD-A3CDA413D790}"
EndProject
Project("{8BC9CEB8-8B4A-11D0-8D11-00A0C91BC942}") = "WiiCPP", "WiiCPP\WiiCPP.vcxproj", "{78EB9DE8-B6FC-47F3-970F-0B4FCB0F38A8}"
EndProject
Project("{6141683F-8A12-4E36-9623-2EB02B2C2303}") = "Touchmote Setup", "Touchmote Setup\Touchmote Setup.isproj", "{8B9F26A7-00DE-482F-9412-9F122A14ACFC}"
EndProject
Global
	GlobalSection(SolutionConfigurationPlatforms) = preSolution
		CD_ROM|Any CPU = CD_ROM|Any CPU
		CD_ROM|Mixed Platforms = CD_ROM|Mixed Platforms
		CD_ROM|Win32 = CD_ROM|Win32
		CD_ROM|x64 = CD_ROM|x64
		CD_ROM|x86 = CD_ROM|x86
		Debug|Any CPU = Debug|Any CPU
		Debug|Mixed Platforms = Debug|Mixed Platforms
		Debug|Win32 = Debug|Win32
		Debug|x64 = Debug|x64
		Debug|x86 = Debug|x86
		DVD-5|Any CPU = DVD-5|Any CPU
		DVD-5|Mixed Platforms = DVD-5|Mixed Platforms
		DVD-5|Win32 = DVD-5|Win32
		DVD-5|x64 = DVD-5|x64
		DVD-5|x86 = DVD-5|x86
		Release|Any CPU = Release|Any CPU
		Release|Mixed Platforms = Release|Mixed Platforms
		Release|Win32 = Release|Win32
		Release|x64 = Release|x64
		Release|x86 = Release|x86
		SingleImage|Any CPU = SingleImage|Any CPU
		SingleImage|Mixed Platforms = SingleImage|Mixed Platforms
		SingleImage|Win32 = SingleImage|Win32
		SingleImage|x64 = SingleImage|x64
		SingleImage|x86 = SingleImage|x86
	EndGlobalSection
	GlobalSection(ProjectConfigurationPlatforms) = postSolution
		{87CC8302-A614-490E-9100-1059AF5FE8FC}.CD_ROM|Any CPU.ActiveCfg = Release|Any CPU
		{87CC8302-A614-490E-9100-1059AF5FE8FC}.CD_ROM|Any CPU.Build.0 = Release|Any CPU
		{87CC8302-A614-490E-9100-1059AF5FE8FC}.CD_ROM|Mixed Platforms.ActiveCfg = Release|x86
		{87CC8302-A614-490E-9100-1059AF5FE8FC}.CD_ROM|Mixed Platforms.Build.0 = Release|x86
		{87CC8302-A614-490E-9100-1059AF5FE8FC}.CD_ROM|Win32.ActiveCfg = Release|x86
		{87CC8302-A614-490E-9100-1059AF5FE8FC}.CD_ROM|Win32.Build.0 = Release|x86
		{87CC8302-A614-490E-9100-1059AF5FE8FC}.CD_ROM|x64.ActiveCfg = Release|Any CPU
		{87CC8302-A614-490E-9100-1059AF5FE8FC}.CD_ROM|x86.ActiveCfg = Release|x86
		{87CC8302-A614-490E-9100-1059AF5FE8FC}.CD_ROM|x86.Build.0 = Release|x86
		{87CC8302-A614-490E-9100-1059AF5FE8FC}.Debug|Any CPU.ActiveCfg = Debug|Any CPU
		{87CC8302-A614-490E-9100-1059AF5FE8FC}.Debug|Any CPU.Build.0 = Debug|Any CPU
		{87CC8302-A614-490E-9100-1059AF5FE8FC}.Debug|Mixed Platforms.ActiveCfg = Debug|Any CPU
		{87CC8302-A614-490E-9100-1059AF5FE8FC}.Debug|Mixed Platforms.Build.0 = Debug|Any CPU
		{87CC8302-A614-490E-9100-1059AF5FE8FC}.Debug|Win32.ActiveCfg = Debug|Any CPU
		{87CC8302-A614-490E-9100-1059AF5FE8FC}.Debug|x64.ActiveCfg = Debug|Any CPU
		{87CC8302-A614-490E-9100-1059AF5FE8FC}.Debug|x86.ActiveCfg = Debug|x86
		{87CC8302-A614-490E-9100-1059AF5FE8FC}.Debug|x86.Build.0 = Debug|x86
		{87CC8302-A614-490E-9100-1059AF5FE8FC}.DVD-5|Any CPU.ActiveCfg = Debug|Any CPU
		{87CC8302-A614-490E-9100-1059AF5FE8FC}.DVD-5|Any CPU.Build.0 = Debug|Any CPU
		{87CC8302-A614-490E-9100-1059AF5FE8FC}.DVD-5|Mixed Platforms.ActiveCfg = Debug|x86
		{87CC8302-A614-490E-9100-1059AF5FE8FC}.DVD-5|Mixed Platforms.Build.0 = Debug|x86
		{87CC8302-A614-490E-9100-1059AF5FE8FC}.DVD-5|Win32.ActiveCfg = Debug|x86
		{87CC8302-A614-490E-9100-1059AF5FE8FC}.DVD-5|Win32.Build.0 = Debug|x86
		{87CC8302-A614-490E-9100-1059AF5FE8FC}.DVD-5|x64.ActiveCfg = Debug|Any CPU
		{87CC8302-A614-490E-9100-1059AF5FE8FC}.DVD-5|x86.ActiveCfg = Debug|x86
		{87CC8302-A614-490E-9100-1059AF5FE8FC}.DVD-5|x86.Build.0 = Debug|x86
		{87CC8302-A614-490E-9100-1059AF5FE8FC}.Release|Any CPU.ActiveCfg = Release|Any CPU
		{87CC8302-A614-490E-9100-1059AF5FE8FC}.Release|Any CPU.Build.0 = Release|Any CPU
		{87CC8302-A614-490E-9100-1059AF5FE8FC}.Release|Mixed Platforms.ActiveCfg = Release|Any CPU
		{87CC8302-A614-490E-9100-1059AF5FE8FC}.Release|Mixed Platforms.Build.0 = Release|Any CPU
		{87CC8302-A614-490E-9100-1059AF5FE8FC}.Release|Win32.ActiveCfg = Release|Any CPU
		{87CC8302-A614-490E-9100-1059AF5FE8FC}.Release|x64.ActiveCfg = Release|Any CPU
		{87CC8302-A614-490E-9100-1059AF5FE8FC}.Release|x86.ActiveCfg = Release|x86
		{87CC8302-A614-490E-9100-1059AF5FE8FC}.Release|x86.Build.0 = Release|x86
		{87CC8302-A614-490E-9100-1059AF5FE8FC}.SingleImage|Any CPU.ActiveCfg = Release|Any CPU
		{87CC8302-A614-490E-9100-1059AF5FE8FC}.SingleImage|Any CPU.Build.0 = Release|Any CPU
		{87CC8302-A614-490E-9100-1059AF5FE8FC}.SingleImage|Mixed Platforms.ActiveCfg = Release|x86
		{87CC8302-A614-490E-9100-1059AF5FE8FC}.SingleImage|Mixed Platforms.Build.0 = Release|x86
		{87CC8302-A614-490E-9100-1059AF5FE8FC}.SingleImage|Win32.ActiveCfg = Release|x86
		{87CC8302-A614-490E-9100-1059AF5FE8FC}.SingleImage|Win32.Build.0 = Release|x86
		{87CC8302-A614-490E-9100-1059AF5FE8FC}.SingleImage|x64.ActiveCfg = Release|Any CPU
		{87CC8302-A614-490E-9100-1059AF5FE8FC}.SingleImage|x86.ActiveCfg = Release|x86
		{87CC8302-A614-490E-9100-1059AF5FE8FC}.SingleImage|x86.Build.0 = Release|x86
		{14BD1D44-261D-4FC2-A7DD-A3CDA413D790}.CD_ROM|Any CPU.ActiveCfg = Release|Any CPU
		{14BD1D44-261D-4FC2-A7DD-A3CDA413D790}.CD_ROM|Any CPU.Build.0 = Release|Any CPU
		{14BD1D44-261D-4FC2-A7DD-A3CDA413D790}.CD_ROM|Mixed Platforms.ActiveCfg = Release|x86
		{14BD1D44-261D-4FC2-A7DD-A3CDA413D790}.CD_ROM|Mixed Platforms.Build.0 = Release|x86
		{14BD1D44-261D-4FC2-A7DD-A3CDA413D790}.CD_ROM|Win32.ActiveCfg = Release|x86
		{14BD1D44-261D-4FC2-A7DD-A3CDA413D790}.CD_ROM|Win32.Build.0 = Release|x86
		{14BD1D44-261D-4FC2-A7DD-A3CDA413D790}.CD_ROM|x64.ActiveCfg = Release|Any CPU
		{14BD1D44-261D-4FC2-A7DD-A3CDA413D790}.CD_ROM|x86.ActiveCfg = Release|x86
		{14BD1D44-261D-4FC2-A7DD-A3CDA413D790}.CD_ROM|x86.Build.0 = Release|x86
		{14BD1D44-261D-4FC2-A7DD-A3CDA413D790}.Debug|Any CPU.ActiveCfg = Debug|Any CPU
		{14BD1D44-261D-4FC2-A7DD-A3CDA413D790}.Debug|Any CPU.Build.0 = Debug|Any CPU
		{14BD1D44-261D-4FC2-A7DD-A3CDA413D790}.Debug|Mixed Platforms.ActiveCfg = Debug|Any CPU
		{14BD1D44-261D-4FC2-A7DD-A3CDA413D790}.Debug|Mixed Platforms.Build.0 = Debug|Any CPU
		{14BD1D44-261D-4FC2-A7DD-A3CDA413D790}.Debug|Win32.ActiveCfg = Debug|Any CPU
		{14BD1D44-261D-4FC2-A7DD-A3CDA413D790}.Debug|x64.ActiveCfg = Debug|Any CPU
		{14BD1D44-261D-4FC2-A7DD-A3CDA413D790}.Debug|x86.ActiveCfg = Debug|x86
		{14BD1D44-261D-4FC2-A7DD-A3CDA413D790}.Debug|x86.Build.0 = Debug|x86
		{14BD1D44-261D-4FC2-A7DD-A3CDA413D790}.DVD-5|Any CPU.ActiveCfg = Debug|Any CPU
		{14BD1D44-261D-4FC2-A7DD-A3CDA413D790}.DVD-5|Any CPU.Build.0 = Debug|Any CPU
		{14BD1D44-261D-4FC2-A7DD-A3CDA413D790}.DVD-5|Mixed Platforms.ActiveCfg = Debug|x86
		{14BD1D44-261D-4FC2-A7DD-A3CDA413D790}.DVD-5|Mixed Platforms.Build.0 = Debug|x86
		{14BD1D44-261D-4FC2-A7DD-A3CDA413D790}.DVD-5|Win32.ActiveCfg = Debug|x86
		{14BD1D44-261D-4FC2-A7DD-A3CDA413D790}.DVD-5|Win32.Build.0 = Debug|x86
		{14BD1D44-261D-4FC2-A7DD-A3CDA413D790}.DVD-5|x64.ActiveCfg = Debug|Any CPU
		{14BD1D44-261D-4FC2-A7DD-A3CDA413D790}.DVD-5|x86.ActiveCfg = Debug|x86
		{14BD1D44-261D-4FC2-A7DD-A3CDA413D790}.DVD-5|x86.Build.0 = Debug|x86
		{14BD1D44-261D-4FC2-A7DD-A3CDA413D790}.Release|Any CPU.ActiveCfg = Release|Any CPU
		{14BD1D44-261D-4FC2-A7DD-A3CDA413D790}.Release|Any CPU.Build.0 = Release|Any CPU
		{14BD1D44-261D-4FC2-A7DD-A3CDA413D790}.Release|Mixed Platforms.ActiveCfg = Release|Any CPU
		{14BD1D44-261D-4FC2-A7DD-A3CDA413D790}.Release|Mixed Platforms.Build.0 = Release|Any CPU
		{14BD1D44-261D-4FC2-A7DD-A3CDA413D790}.Release|Win32.ActiveCfg = Release|Any CPU
		{14BD1D44-261D-4FC2-A7DD-A3CDA413D790}.Release|x64.ActiveCfg = Release|Any CPU
		{14BD1D44-261D-4FC2-A7DD-A3CDA413D790}.Release|x86.ActiveCfg = Release|x86
		{14BD1D44-261D-4FC2-A7DD-A3CDA413D790}.Release|x86.Build.0 = Release|x86
		{14BD1D44-261D-4FC2-A7DD-A3CDA413D790}.SingleImage|Any CPU.ActiveCfg = Release|Any CPU
		{14BD1D44-261D-4FC2-A7DD-A3CDA413D790}.SingleImage|Any CPU.Build.0 = Release|Any CPU
		{14BD1D44-261D-4FC2-A7DD-A3CDA413D790}.SingleImage|Mixed Platforms.ActiveCfg = Release|x86
		{14BD1D44-261D-4FC2-A7DD-A3CDA413D790}.SingleImage|Mixed Platforms.Build.0 = Release|x86
		{14BD1D44-261D-4FC2-A7DD-A3CDA413D790}.SingleImage|Win32.ActiveCfg = Release|x86
		{14BD1D44-261D-4FC2-A7DD-A3CDA413D790}.SingleImage|Win32.Build.0 = Release|x86
		{14BD1D44-261D-4FC2-A7DD-A3CDA413D790}.SingleImage|x64.ActiveCfg = Release|Any CPU
		{14BD1D44-261D-4FC2-A7DD-A3CDA413D790}.SingleImage|x86.ActiveCfg = Release|x86
		{14BD1D44-261D-4FC2-A7DD-A3CDA413D790}.SingleImage|x86.Build.0 = Release|x86
		{78EB9DE8-B6FC-47F3-970F-0B4FCB0F38A8}.CD_ROM|Any CPU.ActiveCfg = Release|Win32
		{78EB9DE8-B6FC-47F3-970F-0B4FCB0F38A8}.CD_ROM|Mixed Platforms.ActiveCfg = Release|Win32
		{78EB9DE8-B6FC-47F3-970F-0B4FCB0F38A8}.CD_ROM|Mixed Platforms.Build.0 = Release|Win32
		{78EB9DE8-B6FC-47F3-970F-0B4FCB0F38A8}.CD_ROM|Win32.ActiveCfg = Release|Win32
		{78EB9DE8-B6FC-47F3-970F-0B4FCB0F38A8}.CD_ROM|Win32.Build.0 = Release|Win32
		{78EB9DE8-B6FC-47F3-970F-0B4FCB0F38A8}.CD_ROM|x64.ActiveCfg = Release|x64
		{78EB9DE8-B6FC-47F3-970F-0B4FCB0F38A8}.CD_ROM|x64.Build.0 = Release|x64
		{78EB9DE8-B6FC-47F3-970F-0B4FCB0F38A8}.CD_ROM|x86.ActiveCfg = Release|Win32
		{78EB9DE8-B6FC-47F3-970F-0B4FCB0F38A8}.CD_ROM|x86.Build.0 = Release|Win32
		{78EB9DE8-B6FC-47F3-970F-0B4FCB0F38A8}.Debug|Any CPU.ActiveCfg = Debug|Win32
		{78EB9DE8-B6FC-47F3-970F-0B4FCB0F38A8}.Debug|Any CPU.Build.0 = Debug|Win32
		{78EB9DE8-B6FC-47F3-970F-0B4FCB0F38A8}.Debug|Mixed Platforms.ActiveCfg = Debug|Win32
		{78EB9DE8-B6FC-47F3-970F-0B4FCB0F38A8}.Debug|Mixed Platforms.Build.0 = Debug|Win32
		{78EB9DE8-B6FC-47F3-970F-0B4FCB0F38A8}.Debug|Win32.ActiveCfg = Debug|Win32
		{78EB9DE8-B6FC-47F3-970F-0B4FCB0F38A8}.Debug|Win32.Build.0 = Debug|Win32
		{78EB9DE8-B6FC-47F3-970F-0B4FCB0F38A8}.Debug|x64.ActiveCfg = Debug|x64
		{78EB9DE8-B6FC-47F3-970F-0B4FCB0F38A8}.Debug|x64.Build.0 = Debug|x64
		{78EB9DE8-B6FC-47F3-970F-0B4FCB0F38A8}.Debug|x86.ActiveCfg = Debug|Win32
		{78EB9DE8-B6FC-47F3-970F-0B4FCB0F38A8}.Debug|x86.Build.0 = Debug|Win32
		{78EB9DE8-B6FC-47F3-970F-0B4FCB0F38A8}.DVD-5|Any CPU.ActiveCfg = Debug|Win32
		{78EB9DE8-B6FC-47F3-970F-0B4FCB0F38A8}.DVD-5|Mixed Platforms.ActiveCfg = Debug|Win32
		{78EB9DE8-B6FC-47F3-970F-0B4FCB0F38A8}.DVD-5|Mixed Platforms.Build.0 = Debug|Win32
		{78EB9DE8-B6FC-47F3-970F-0B4FCB0F38A8}.DVD-5|Win32.ActiveCfg = Debug|Win32
		{78EB9DE8-B6FC-47F3-970F-0B4FCB0F38A8}.DVD-5|Win32.Build.0 = Debug|Win32
		{78EB9DE8-B6FC-47F3-970F-0B4FCB0F38A8}.DVD-5|x64.ActiveCfg = Debug|x64
		{78EB9DE8-B6FC-47F3-970F-0B4FCB0F38A8}.DVD-5|x64.Build.0 = Debug|x64
		{78EB9DE8-B6FC-47F3-970F-0B4FCB0F38A8}.DVD-5|x86.ActiveCfg = Debug|Win32
		{78EB9DE8-B6FC-47F3-970F-0B4FCB0F38A8}.DVD-5|x86.Build.0 = Debug|Win32
		{78EB9DE8-B6FC-47F3-970F-0B4FCB0F38A8}.Release|Any CPU.ActiveCfg = Release|Win32
		{78EB9DE8-B6FC-47F3-970F-0B4FCB0F38A8}.Release|Any CPU.Build.0 = Release|Win32
		{78EB9DE8-B6FC-47F3-970F-0B4FCB0F38A8}.Release|Mixed Platforms.ActiveCfg = Release|Win32
		{78EB9DE8-B6FC-47F3-970F-0B4FCB0F38A8}.Release|Mixed Platforms.Build.0 = Release|Win32
		{78EB9DE8-B6FC-47F3-970F-0B4FCB0F38A8}.Release|Win32.ActiveCfg = Release|Win32
		{78EB9DE8-B6FC-47F3-970F-0B4FCB0F38A8}.Release|Win32.Build.0 = Release|Win32
		{78EB9DE8-B6FC-47F3-970F-0B4FCB0F38A8}.Release|x64.ActiveCfg = Release|x64
		{78EB9DE8-B6FC-47F3-970F-0B4FCB0F38A8}.Release|x64.Build.0 = Release|x64
		{78EB9DE8-B6FC-47F3-970F-0B4FCB0F38A8}.Release|x86.ActiveCfg = Release|Win32
		{78EB9DE8-B6FC-47F3-970F-0B4FCB0F38A8}.Release|x86.Build.0 = Release|Win32
		{78EB9DE8-B6FC-47F3-970F-0B4FCB0F38A8}.SingleImage|Any CPU.ActiveCfg = Release|Win32
		{78EB9DE8-B6FC-47F3-970F-0B4FCB0F38A8}.SingleImage|Mixed Platforms.ActiveCfg = Release|Win32
		{78EB9DE8-B6FC-47F3-970F-0B4FCB0F38A8}.SingleImage|Mixed Platforms.Build.0 = Release|Win32
		{78EB9DE8-B6FC-47F3-970F-0B4FCB0F38A8}.SingleImage|Win32.ActiveCfg = Release|Win32
		{78EB9DE8-B6FC-47F3-970F-0B4FCB0F38A8}.SingleImage|Win32.Build.0 = Release|Win32
		{78EB9DE8-B6FC-47F3-970F-0B4FCB0F38A8}.SingleImage|x64.ActiveCfg = Release|x64
		{78EB9DE8-B6FC-47F3-970F-0B4FCB0F38A8}.SingleImage|x64.Build.0 = Release|x64
		{78EB9DE8-B6FC-47F3-970F-0B4FCB0F38A8}.SingleImage|x86.ActiveCfg = Release|Win32
		{78EB9DE8-B6FC-47F3-970F-0B4FCB0F38A8}.SingleImage|x86.Build.0 = Release|Win32
		{8B9F26A7-00DE-482F-9412-9F122A14ACFC}.CD_ROM|Any CPU.ActiveCfg = CD_ROM
		{8B9F26A7-00DE-482F-9412-9F122A14ACFC}.CD_ROM|Any CPU.Build.0 = CD_ROM
		{8B9F26A7-00DE-482F-9412-9F122A14ACFC}.CD_ROM|Mixed Platforms.ActiveCfg = CD_ROM
		{8B9F26A7-00DE-482F-9412-9F122A14ACFC}.CD_ROM|Mixed Platforms.Build.0 = CD_ROM
		{8B9F26A7-00DE-482F-9412-9F122A14ACFC}.CD_ROM|Win32.ActiveCfg = CD_ROM
		{8B9F26A7-00DE-482F-9412-9F122A14ACFC}.CD_ROM|Win32.Build.0 = CD_ROM
		{8B9F26A7-00DE-482F-9412-9F122A14ACFC}.CD_ROM|x64.ActiveCfg = CD_ROM
		{8B9F26A7-00DE-482F-9412-9F122A14ACFC}.CD_ROM|x64.Build.0 = CD_ROM
		{8B9F26A7-00DE-482F-9412-9F122A14ACFC}.CD_ROM|x86.ActiveCfg = CD_ROM
		{8B9F26A7-00DE-482F-9412-9F122A14ACFC}.CD_ROM|x86.Build.0 = CD_ROM
		{8B9F26A7-00DE-482F-9412-9F122A14ACFC}.Debug|Any CPU.ActiveCfg = DVD-5
		{8B9F26A7-00DE-482F-9412-9F122A14ACFC}.Debug|Any CPU.Build.0 = DVD-5
		{8B9F26A7-00DE-482F-9412-9F122A14ACFC}.Debug|Mixed Platforms.ActiveCfg = DVD-5
		{8B9F26A7-00DE-482F-9412-9F122A14ACFC}.Debug|Mixed Platforms.Build.0 = DVD-5
		{8B9F26A7-00DE-482F-9412-9F122A14ACFC}.Debug|Win32.ActiveCfg = DVD-5
		{8B9F26A7-00DE-482F-9412-9F122A14ACFC}.Debug|Win32.Build.0 = DVD-5
		{8B9F26A7-00DE-482F-9412-9F122A14ACFC}.Debug|x64.ActiveCfg = DVD-5
		{8B9F26A7-00DE-482F-9412-9F122A14ACFC}.Debug|x64.Build.0 = DVD-5
		{8B9F26A7-00DE-482F-9412-9F122A14ACFC}.Debug|x86.ActiveCfg = DVD-5
		{8B9F26A7-00DE-482F-9412-9F122A14ACFC}.Debug|x86.Build.0 = DVD-5
		{8B9F26A7-00DE-482F-9412-9F122A14ACFC}.DVD-5|Any CPU.ActiveCfg = DVD-5
		{8B9F26A7-00DE-482F-9412-9F122A14ACFC}.DVD-5|Any CPU.Build.0 = DVD-5
		{8B9F26A7-00DE-482F-9412-9F122A14ACFC}.DVD-5|Mixed Platforms.ActiveCfg = DVD-5
		{8B9F26A7-00DE-482F-9412-9F122A14ACFC}.DVD-5|Mixed Platforms.Build.0 = DVD-5
		{8B9F26A7-00DE-482F-9412-9F122A14ACFC}.DVD-5|Win32.ActiveCfg = DVD-5
		{8B9F26A7-00DE-482F-9412-9F122A14ACFC}.DVD-5|Win32.Build.0 = DVD-5
		{8B9F26A7-00DE-482F-9412-9F122A14ACFC}.DVD-5|x64.ActiveCfg = DVD-5
		{8B9F26A7-00DE-482F-9412-9F122A14ACFC}.DVD-5|x64.Build.0 = DVD-5
		{8B9F26A7-00DE-482F-9412-9F122A14ACFC}.DVD-5|x86.ActiveCfg = DVD-5
		{8B9F26A7-00DE-482F-9412-9F122A14ACFC}.DVD-5|x86.Build.0 = DVD-5
		{8B9F26A7-00DE-482F-9412-9F122A14ACFC}.Release|Any CPU.ActiveCfg = SingleImage
		{8B9F26A7-00DE-482F-9412-9F122A14ACFC}.Release|Any CPU.Build.0 = SingleImage
		{8B9F26A7-00DE-482F-9412-9F122A14ACFC}.Release|Mixed Platforms.ActiveCfg = SingleImage
		{8B9F26A7-00DE-482F-9412-9F122A14ACFC}.Release|Mixed Platforms.Build.0 = SingleImage
		{8B9F26A7-00DE-482F-9412-9F122A14ACFC}.Release|Win32.ActiveCfg = SingleImage
		{8B9F26A7-00DE-482F-9412-9F122A14ACFC}.Release|Win32.Build.0 = SingleImage
		{8B9F26A7-00DE-482F-9412-9F122A14ACFC}.Release|x64.ActiveCfg = SingleImage
		{8B9F26A7-00DE-482F-9412-9F122A14ACFC}.Release|x64.Build.0 = SingleImage
		{8B9F26A7-00DE-482F-9412-9F122A14ACFC}.Release|x86.ActiveCfg = SingleImage
		{8B9F26A7-00DE-482F-9412-9F122A14ACFC}.Release|x86.Build.0 = SingleImage
		{8B9F26A7-00DE-482F-9412-9F122A14ACFC}.SingleImage|Any CPU.ActiveCfg = SingleImage
		{8B9F26A7-00DE-482F-9412-9F122A14ACFC}.SingleImage|Any CPU.Build.0 = SingleImage
		{8B9F26A7-00DE-482F-9412-9F122A14ACFC}.SingleImage|Mixed Platforms.ActiveCfg = SingleImage
		{8B9F26A7-00DE-482F-9412-9F122A14ACFC}.SingleImage|Mixed Platforms.Build.0 = SingleImage
		{8B9F26A7-00DE-482F-9412-9F122A14ACFC}.SingleImage|Win32.ActiveCfg = SingleImage
		{8B9F26A7-00DE-482F-9412-9F122A14ACFC}.SingleImage|Win32.Build.0 = SingleImage
		{8B9F26A7-00DE-482F-9412-9F122A14ACFC}.SingleImage|x64.ActiveCfg = SingleImage
		{8B9F26A7-00DE-482F-9412-9F122A14ACFC}.SingleImage|x64.Build.0 = SingleImage
		{8B9F26A7-00DE-482F-9412-9F122A14ACFC}.SingleImage|x86.ActiveCfg = SingleImage
		{8B9F26A7-00DE-482F-9412-9F122A14ACFC}.SingleImage|x86.Build.0 = SingleImage
	EndGlobalSection
	GlobalSection(SolutionProperties) = preSolution
		HideSolutionNode = FALSE
	EndGlobalSection
EndGlobal
