
Microsoft Visual Studio Solution File, Format Version 12.00
# Visual Studio 2013
VisualStudioVersion = 12.0.21005.1
MinimumVisualStudioVersion = 10.0.40219.1
Project("{FAE04EC0-301F-11D3-BF4B-00C04F79EFBC}") = "WiiTUIO", "WiiTUIO\WiiTUIO.csproj", "{87CC8302-A614-490E-9100-1059AF5FE8FC}"
	ProjectSection(ProjectDependencies) = postProject
		{14BD1D44-261D-4FC2-A7DD-A3CDA413D790} = {14BD1D44-261D-4FC2-A7DD-A3CDA413D790}
		{9E8F1D50-74EA-4C60-BD5C-AB2C5B53BC66} = {9E8F1D50-74EA-4C60-BD5C-AB2C5B53BC66}
		{4796387A-2F8E-4ED0-96E4-A72137B4428C} = {4796387A-2F8E-4ED0-96E4-A72137B4428C}
		{78EB9DE8-B6FC-47F3-970F-0B4FCB0F38A8} = {78EB9DE8-B6FC-47F3-970F-0B4FCB0F38A8}
	EndProjectSection
EndProject
Project("{FAE04EC0-301F-11D3-BF4B-00C04F79EFBC}") = "OSC.NET", "OSC.NET\OSC.NET.csproj", "{14BD1D44-261D-4FC2-A7DD-A3CDA413D790}"
EndProject
Project("{8BC9CEB8-8B4A-11D0-8D11-00A0C91BC942}") = "WiiCPP", "WiiCPP\WiiCPP.vcxproj", "{78EB9DE8-B6FC-47F3-970F-0B4FCB0F38A8}"
EndProject
Project("{FAE04EC0-301F-11D3-BF4B-00C04F79EFBC}") = "HidLibrary", "HidLibrary\HidLibrary.csproj", "{9E8F1D50-74EA-4C60-BD5C-AB2C5B53BC66}"
EndProject
Project("{FAE04EC0-301F-11D3-BF4B-00C04F79EFBC}") = "DriverInstall", "DriverInstall\DriverInstall.csproj", "{914C6098-F4B6-4AFA-AFD0-5B90411C9271}"
EndProject
Project("{FAE04EC0-301F-11D3-BF4B-00C04F79EFBC}") = "ScpControl", "ScpControl\ScpControl.csproj", "{DDECF06E-BE48-4610-8BF8-4AE5140D9F0C}"
EndProject
Project("{FAE04EC0-301F-11D3-BF4B-00C04F79EFBC}") = "ResetTouchInjection", "ResetTouchInjection\ResetTouchInjection.csproj", "{D1E85F1A-3BE3-46C1-B086-EF1335457EF5}"
EndProject
Project("{8BC9CEB8-8B4A-11D0-8D11-00A0C91BC942}") = "D3DCursor", "D3DCursor\D3DCursor.vcxproj", "{4796387A-2F8E-4ED0-96E4-A72137B4428C}"
EndProject
Project("{FAE04EC0-301F-11D3-BF4B-00C04F79EFBC}") = "ZeroconfService", "ZeroconfService\ZeroconfService.csproj", "{AD5CF7A9-93C4-48DD-ACD8-38DD434F1491}"
EndProject
Global
	GlobalSection(SolutionConfigurationPlatforms) = preSolution
		Debug|Any CPU = Debug|Any CPU
		Debug|Mixed Platforms = Debug|Mixed Platforms
		Debug|x64 = Debug|x64
		Debug|x86 = Debug|x86
		Release|Any CPU = Release|Any CPU
		Release|Mixed Platforms = Release|Mixed Platforms
		Release|x64 = Release|x64
		Release|x86 = Release|x86
	EndGlobalSection
	GlobalSection(ProjectConfigurationPlatforms) = postSolution
		{87CC8302-A614-490E-9100-1059AF5FE8FC}.Debug|Any CPU.ActiveCfg = Debug|Any CPU
		{87CC8302-A614-490E-9100-1059AF5FE8FC}.Debug|Any CPU.Build.0 = Debug|Any CPU
		{87CC8302-A614-490E-9100-1059AF5FE8FC}.Debug|Mixed Platforms.ActiveCfg = Debug|x86
		{87CC8302-A614-490E-9100-1059AF5FE8FC}.Debug|Mixed Platforms.Build.0 = Debug|x86
		{87CC8302-A614-490E-9100-1059AF5FE8FC}.Debug|x64.ActiveCfg = Debug|x64
		{87CC8302-A614-490E-9100-1059AF5FE8FC}.Debug|x64.Build.0 = Debug|x64
		{87CC8302-A614-490E-9100-1059AF5FE8FC}.Debug|x86.ActiveCfg = Debug|x86
		{87CC8302-A614-490E-9100-1059AF5FE8FC}.Debug|x86.Build.0 = Debug|x86
		{87CC8302-A614-490E-9100-1059AF5FE8FC}.Release|Any CPU.ActiveCfg = Release|Any CPU
		{87CC8302-A614-490E-9100-1059AF5FE8FC}.Release|Any CPU.Build.0 = Release|Any CPU
		{87CC8302-A614-490E-9100-1059AF5FE8FC}.Release|Mixed Platforms.ActiveCfg = Release|x86
		{87CC8302-A614-490E-9100-1059AF5FE8FC}.Release|Mixed Platforms.Build.0 = Release|x86
		{87CC8302-A614-490E-9100-1059AF5FE8FC}.Release|x64.ActiveCfg = Release|x64
		{87CC8302-A614-490E-9100-1059AF5FE8FC}.Release|x64.Build.0 = Release|x64
		{87CC8302-A614-490E-9100-1059AF5FE8FC}.Release|x86.ActiveCfg = Release|x86
		{87CC8302-A614-490E-9100-1059AF5FE8FC}.Release|x86.Build.0 = Release|x86
		{14BD1D44-261D-4FC2-A7DD-A3CDA413D790}.Debug|Any CPU.ActiveCfg = Debug|Any CPU
		{14BD1D44-261D-4FC2-A7DD-A3CDA413D790}.Debug|Any CPU.Build.0 = Debug|Any CPU
		{14BD1D44-261D-4FC2-A7DD-A3CDA413D790}.Debug|Mixed Platforms.ActiveCfg = Debug|x86
		{14BD1D44-261D-4FC2-A7DD-A3CDA413D790}.Debug|Mixed Platforms.Build.0 = Debug|x86
		{14BD1D44-261D-4FC2-A7DD-A3CDA413D790}.Debug|x64.ActiveCfg = Debug|x64
		{14BD1D44-261D-4FC2-A7DD-A3CDA413D790}.Debug|x64.Build.0 = Debug|x64
		{14BD1D44-261D-4FC2-A7DD-A3CDA413D790}.Debug|x86.ActiveCfg = Debug|x86
		{14BD1D44-261D-4FC2-A7DD-A3CDA413D790}.Debug|x86.Build.0 = Debug|x86
		{14BD1D44-261D-4FC2-A7DD-A3CDA413D790}.Release|Any CPU.ActiveCfg = Release|Any CPU
		{14BD1D44-261D-4FC2-A7DD-A3CDA413D790}.Release|Any CPU.Build.0 = Release|Any CPU
		{14BD1D44-261D-4FC2-A7DD-A3CDA413D790}.Release|Mixed Platforms.ActiveCfg = Release|x86
		{14BD1D44-261D-4FC2-A7DD-A3CDA413D790}.Release|Mixed Platforms.Build.0 = Release|x86
		{14BD1D44-261D-4FC2-A7DD-A3CDA413D790}.Release|x64.ActiveCfg = Release|x64
		{14BD1D44-261D-4FC2-A7DD-A3CDA413D790}.Release|x64.Build.0 = Release|x64
		{14BD1D44-261D-4FC2-A7DD-A3CDA413D790}.Release|x86.ActiveCfg = Release|x86
		{14BD1D44-261D-4FC2-A7DD-A3CDA413D790}.Release|x86.Build.0 = Release|x86
		{78EB9DE8-B6FC-47F3-970F-0B4FCB0F38A8}.Debug|Any CPU.ActiveCfg = Debug|Win32
		{78EB9DE8-B6FC-47F3-970F-0B4FCB0F38A8}.Debug|Mixed Platforms.ActiveCfg = Debug|Win32
		{78EB9DE8-B6FC-47F3-970F-0B4FCB0F38A8}.Debug|Mixed Platforms.Build.0 = Debug|Win32
		{78EB9DE8-B6FC-47F3-970F-0B4FCB0F38A8}.Debug|x64.ActiveCfg = Debug|x64
		{78EB9DE8-B6FC-47F3-970F-0B4FCB0F38A8}.Debug|x64.Build.0 = Debug|x64
		{78EB9DE8-B6FC-47F3-970F-0B4FCB0F38A8}.Debug|x86.ActiveCfg = Debug|Win32
		{78EB9DE8-B6FC-47F3-970F-0B4FCB0F38A8}.Debug|x86.Build.0 = Debug|Win32
		{78EB9DE8-B6FC-47F3-970F-0B4FCB0F38A8}.Release|Any CPU.ActiveCfg = Release|Win32
		{78EB9DE8-B6FC-47F3-970F-0B4FCB0F38A8}.Release|Mixed Platforms.ActiveCfg = Release|Win32
		{78EB9DE8-B6FC-47F3-970F-0B4FCB0F38A8}.Release|Mixed Platforms.Build.0 = Release|Win32
		{78EB9DE8-B6FC-47F3-970F-0B4FCB0F38A8}.Release|x64.ActiveCfg = Release|x64
		{78EB9DE8-B6FC-47F3-970F-0B4FCB0F38A8}.Release|x64.Build.0 = Release|x64
		{78EB9DE8-B6FC-47F3-970F-0B4FCB0F38A8}.Release|x86.ActiveCfg = Release|Win32
		{78EB9DE8-B6FC-47F3-970F-0B4FCB0F38A8}.Release|x86.Build.0 = Release|Win32
		{9E8F1D50-74EA-4C60-BD5C-AB2C5B53BC66}.Debug|Any CPU.ActiveCfg = Debug|Any CPU
		{9E8F1D50-74EA-4C60-BD5C-AB2C5B53BC66}.Debug|Any CPU.Build.0 = Debug|Any CPU
		{9E8F1D50-74EA-4C60-BD5C-AB2C5B53BC66}.Debug|Mixed Platforms.ActiveCfg = Debug|x86
		{9E8F1D50-74EA-4C60-BD5C-AB2C5B53BC66}.Debug|Mixed Platforms.Build.0 = Debug|x86
		{9E8F1D50-74EA-4C60-BD5C-AB2C5B53BC66}.Debug|x64.ActiveCfg = Debug|x64
		{9E8F1D50-74EA-4C60-BD5C-AB2C5B53BC66}.Debug|x64.Build.0 = Debug|x64
		{9E8F1D50-74EA-4C60-BD5C-AB2C5B53BC66}.Debug|x86.ActiveCfg = Debug|x86
		{9E8F1D50-74EA-4C60-BD5C-AB2C5B53BC66}.Debug|x86.Build.0 = Debug|x86
		{9E8F1D50-74EA-4C60-BD5C-AB2C5B53BC66}.Release|Any CPU.ActiveCfg = Release|Any CPU
		{9E8F1D50-74EA-4C60-BD5C-AB2C5B53BC66}.Release|Any CPU.Build.0 = Release|Any CPU
		{9E8F1D50-74EA-4C60-BD5C-AB2C5B53BC66}.Release|Mixed Platforms.ActiveCfg = Release|x86
		{9E8F1D50-74EA-4C60-BD5C-AB2C5B53BC66}.Release|Mixed Platforms.Build.0 = Release|x86
		{9E8F1D50-74EA-4C60-BD5C-AB2C5B53BC66}.Release|x64.ActiveCfg = Release|x64
		{9E8F1D50-74EA-4C60-BD5C-AB2C5B53BC66}.Release|x64.Build.0 = Release|x64
		{9E8F1D50-74EA-4C60-BD5C-AB2C5B53BC66}.Release|x86.ActiveCfg = Release|x86
		{9E8F1D50-74EA-4C60-BD5C-AB2C5B53BC66}.Release|x86.Build.0 = Release|x86
		{914C6098-F4B6-4AFA-AFD0-5B90411C9271}.Debug|Any CPU.ActiveCfg = Debug|Any CPU
		{914C6098-F4B6-4AFA-AFD0-5B90411C9271}.Debug|Any CPU.Build.0 = Debug|Any CPU
		{914C6098-F4B6-4AFA-AFD0-5B90411C9271}.Debug|Mixed Platforms.ActiveCfg = Debug|x86
		{914C6098-F4B6-4AFA-AFD0-5B90411C9271}.Debug|Mixed Platforms.Build.0 = Debug|x86
		{914C6098-F4B6-4AFA-AFD0-5B90411C9271}.Debug|x64.ActiveCfg = Debug|x64
		{914C6098-F4B6-4AFA-AFD0-5B90411C9271}.Debug|x86.ActiveCfg = Debug|x86
		{914C6098-F4B6-4AFA-AFD0-5B90411C9271}.Release|Any CPU.ActiveCfg = Release|Any CPU
		{914C6098-F4B6-4AFA-AFD0-5B90411C9271}.Release|Any CPU.Build.0 = Release|Any CPU
		{914C6098-F4B6-4AFA-AFD0-5B90411C9271}.Release|Mixed Platforms.ActiveCfg = Release|x86
		{914C6098-F4B6-4AFA-AFD0-5B90411C9271}.Release|Mixed Platforms.Build.0 = Release|x86
		{914C6098-F4B6-4AFA-AFD0-5B90411C9271}.Release|x64.ActiveCfg = Release|x64
		{914C6098-F4B6-4AFA-AFD0-5B90411C9271}.Release|x64.Build.0 = Release|x64
		{914C6098-F4B6-4AFA-AFD0-5B90411C9271}.Release|x86.ActiveCfg = Release|x86
		{914C6098-F4B6-4AFA-AFD0-5B90411C9271}.Release|x86.Build.0 = Release|x86
		{DDECF06E-BE48-4610-8BF8-4AE5140D9F0C}.Debug|Any CPU.ActiveCfg = Debug|Any CPU
		{DDECF06E-BE48-4610-8BF8-4AE5140D9F0C}.Debug|Any CPU.Build.0 = Debug|Any CPU
		{DDECF06E-BE48-4610-8BF8-4AE5140D9F0C}.Debug|Mixed Platforms.ActiveCfg = Debug|x86
		{DDECF06E-BE48-4610-8BF8-4AE5140D9F0C}.Debug|Mixed Platforms.Build.0 = Debug|x86
		{DDECF06E-BE48-4610-8BF8-4AE5140D9F0C}.Debug|x64.ActiveCfg = Debug|x64
		{DDECF06E-BE48-4610-8BF8-4AE5140D9F0C}.Debug|x64.Build.0 = Debug|x64
		{DDECF06E-BE48-4610-8BF8-4AE5140D9F0C}.Debug|x86.ActiveCfg = Debug|x86
		{DDECF06E-BE48-4610-8BF8-4AE5140D9F0C}.Debug|x86.Build.0 = Debug|x86
		{DDECF06E-BE48-4610-8BF8-4AE5140D9F0C}.Release|Any CPU.ActiveCfg = Release|Any CPU
		{DDECF06E-BE48-4610-8BF8-4AE5140D9F0C}.Release|Any CPU.Build.0 = Release|Any CPU
		{DDECF06E-BE48-4610-8BF8-4AE5140D9F0C}.Release|Mixed Platforms.ActiveCfg = Release|x86
		{DDECF06E-BE48-4610-8BF8-4AE5140D9F0C}.Release|Mixed Platforms.Build.0 = Release|x86
		{DDECF06E-BE48-4610-8BF8-4AE5140D9F0C}.Release|x64.ActiveCfg = Release|x64
		{DDECF06E-BE48-4610-8BF8-4AE5140D9F0C}.Release|x64.Build.0 = Release|x64
		{DDECF06E-BE48-4610-8BF8-4AE5140D9F0C}.Release|x86.ActiveCfg = Release|x86
		{DDECF06E-BE48-4610-8BF8-4AE5140D9F0C}.Release|x86.Build.0 = Release|x86
		{D1E85F1A-3BE3-46C1-B086-EF1335457EF5}.Debug|Any CPU.ActiveCfg = Debug|Any CPU
		{D1E85F1A-3BE3-46C1-B086-EF1335457EF5}.Debug|Any CPU.Build.0 = Debug|Any CPU
		{D1E85F1A-3BE3-46C1-B086-EF1335457EF5}.Debug|Mixed Platforms.ActiveCfg = Debug|x86
		{D1E85F1A-3BE3-46C1-B086-EF1335457EF5}.Debug|Mixed Platforms.Build.0 = Debug|x86
		{D1E85F1A-3BE3-46C1-B086-EF1335457EF5}.Debug|x64.ActiveCfg = Debug|x64
		{D1E85F1A-3BE3-46C1-B086-EF1335457EF5}.Debug|x86.ActiveCfg = Debug|x86
		{D1E85F1A-3BE3-46C1-B086-EF1335457EF5}.Release|Any CPU.ActiveCfg = Release|Any CPU
		{D1E85F1A-3BE3-46C1-B086-EF1335457EF5}.Release|Any CPU.Build.0 = Release|Any CPU
		{D1E85F1A-3BE3-46C1-B086-EF1335457EF5}.Release|Mixed Platforms.ActiveCfg = Release|x86
		{D1E85F1A-3BE3-46C1-B086-EF1335457EF5}.Release|Mixed Platforms.Build.0 = Release|x86
		{D1E85F1A-3BE3-46C1-B086-EF1335457EF5}.Release|x64.ActiveCfg = Release|x64
		{D1E85F1A-3BE3-46C1-B086-EF1335457EF5}.Release|x64.Build.0 = Release|x64
		{D1E85F1A-3BE3-46C1-B086-EF1335457EF5}.Release|x86.ActiveCfg = Release|x86
		{D1E85F1A-3BE3-46C1-B086-EF1335457EF5}.Release|x86.Build.0 = Release|x86
		{4796387A-2F8E-4ED0-96E4-A72137B4428C}.Debug|Any CPU.ActiveCfg = Debug|Win32
		{4796387A-2F8E-4ED0-96E4-A72137B4428C}.Debug|Mixed Platforms.ActiveCfg = Debug|Win32
		{4796387A-2F8E-4ED0-96E4-A72137B4428C}.Debug|Mixed Platforms.Build.0 = Debug|Win32
		{4796387A-2F8E-4ED0-96E4-A72137B4428C}.Debug|x64.ActiveCfg = Debug|x64
		{4796387A-2F8E-4ED0-96E4-A72137B4428C}.Debug|x64.Build.0 = Debug|x64
		{4796387A-2F8E-4ED0-96E4-A72137B4428C}.Debug|x86.ActiveCfg = Debug|Win32
		{4796387A-2F8E-4ED0-96E4-A72137B4428C}.Debug|x86.Build.0 = Debug|Win32
		{4796387A-2F8E-4ED0-96E4-A72137B4428C}.Release|Any CPU.ActiveCfg = Release|Win32
		{4796387A-2F8E-4ED0-96E4-A72137B4428C}.Release|Mixed Platforms.ActiveCfg = Release|Win32
		{4796387A-2F8E-4ED0-96E4-A72137B4428C}.Release|Mixed Platforms.Build.0 = Release|Win32
		{4796387A-2F8E-4ED0-96E4-A72137B4428C}.Release|x64.ActiveCfg = Release|x64
		{4796387A-2F8E-4ED0-96E4-A72137B4428C}.Release|x64.Build.0 = Release|x64
		{4796387A-2F8E-4ED0-96E4-A72137B4428C}.Release|x86.ActiveCfg = Release|Win32
		{4796387A-2F8E-4ED0-96E4-A72137B4428C}.Release|x86.Build.0 = Release|Win32
		{AD5CF7A9-93C4-48DD-ACD8-38DD434F1491}.Debug|Any CPU.ActiveCfg = Debug|Any CPU
		{AD5CF7A9-93C4-48DD-ACD8-38DD434F1491}.Debug|Any CPU.Build.0 = Debug|Any CPU
		{AD5CF7A9-93C4-48DD-ACD8-38DD434F1491}.Debug|Mixed Platforms.ActiveCfg = Debug|Any CPU
		{AD5CF7A9-93C4-48DD-ACD8-38DD434F1491}.Debug|Mixed Platforms.Build.0 = Debug|Any CPU
		{AD5CF7A9-93C4-48DD-ACD8-38DD434F1491}.Debug|x64.ActiveCfg = Debug|x64
		{AD5CF7A9-93C4-48DD-ACD8-38DD434F1491}.Debug|x86.ActiveCfg = Debug|x86
		{AD5CF7A9-93C4-48DD-ACD8-38DD434F1491}.Release|Any CPU.ActiveCfg = Release|Any CPU
		{AD5CF7A9-93C4-48DD-ACD8-38DD434F1491}.Release|Any CPU.Build.0 = Release|Any CPU
		{AD5CF7A9-93C4-48DD-ACD8-38DD434F1491}.Release|Mixed Platforms.ActiveCfg = Release|Any CPU
		{AD5CF7A9-93C4-48DD-ACD8-38DD434F1491}.Release|Mixed Platforms.Build.0 = Release|Any CPU
		{AD5CF7A9-93C4-48DD-ACD8-38DD434F1491}.Release|x64.ActiveCfg = Release|x64
		{AD5CF7A9-93C4-48DD-ACD8-38DD434F1491}.Release|x64.Build.0 = Release|x64
		{AD5CF7A9-93C4-48DD-ACD8-38DD434F1491}.Release|x86.ActiveCfg = Release|x86
		{AD5CF7A9-93C4-48DD-ACD8-38DD434F1491}.Release|x86.Build.0 = Release|x86
	EndGlobalSection
	GlobalSection(SolutionProperties) = preSolution
		HideSolutionNode = FALSE
	EndGlobalSection
EndGlobal
